
Microsoft Visual Studio Solution File, Format Version 12.00
# Visual Studio 15
VisualStudioVersion = 15.0.28307.705
MinimumVisualStudioVersion = 10.0.40219.1
Project("{9A19103F-16F7-4668-BE54-9A1E7A4F7556}") = "ArrayExtensions", "ArrayExtensions\ArrayExtensions.csproj", "{3DBB8923-231A-47B8-A620-BE9C18373116}"
EndProject
Project("{9A19103F-16F7-4668-BE54-9A1E7A4F7556}") = "ArrayExtensionsUnitTests", "ArrayExtensionsUnitTests\ArrayExtensionsUnitTests.csproj", "{50FD600F-20D8-4DBD-9D13-72BB0B172E46}"
EndProject
Global
	GlobalSection(SolutionConfigurationPlatforms) = preSolution
		Debug|Any CPU = Debug|Any CPU
		PerfTest|Any CPU = PerfTest|Any CPU
		Release|Any CPU = Release|Any CPU
	EndGlobalSection
	GlobalSection(ProjectConfigurationPlatforms) = postSolution
		{3DBB8923-231A-47B8-A620-BE9C18373116}.Debug|Any CPU.ActiveCfg = Debug|Any CPU
		{3DBB8923-231A-47B8-A620-BE9C18373116}.Debug|Any CPU.Build.0 = Debug|Any CPU
		{3DBB8923-231A-47B8-A620-BE9C18373116}.PerfTest|Any CPU.ActiveCfg = PerfTest|Any CPU
		{3DBB8923-231A-47B8-A620-BE9C18373116}.PerfTest|Any CPU.Build.0 = PerfTest|Any CPU
		{3DBB8923-231A-47B8-A620-BE9C18373116}.Release|Any CPU.ActiveCfg = Release|Any CPU
		{3DBB8923-231A-47B8-A620-BE9C18373116}.Release|Any CPU.Build.0 = Release|Any CPU
		{50FD600F-20D8-4DBD-9D13-72BB0B172E46}.Debug|Any CPU.ActiveCfg = Debug|Any CPU
		{50FD600F-20D8-4DBD-9D13-72BB0B172E46}.Debug|Any CPU.Build.0 = Debug|Any CPU
		{50FD600F-20D8-4DBD-9D13-72BB0B172E46}.PerfTest|Any CPU.ActiveCfg = PerfTest|Any CPU
		{50FD600F-20D8-4DBD-9D13-72BB0B172E46}.PerfTest|Any CPU.Build.0 = PerfTest|Any CPU
		{50FD600F-20D8-4DBD-9D13-72BB0B172E46}.Release|Any CPU.ActiveCfg = Release|Any CPU
		{50FD600F-20D8-4DBD-9D13-72BB0B172E46}.Release|Any CPU.Build.0 = Release|Any CPU
	EndGlobalSection
	GlobalSection(SolutionProperties) = preSolution
		HideSolutionNode = FALSE
	EndGlobalSection
	GlobalSection(ExtensibilityGlobals) = postSolution
		SolutionGuid = {7BE4C938-62C4-4FB6-9829-83388E8F8669}
	EndGlobalSection
EndGlobal
